
Microsoft Visual Studio Solution File, Format Version 12.00
# Visual Studio Version 17
VisualStudioVersion = 17.12.35707.178
MinimumVisualStudioVersion = 10.0.40219.1
Project("{FAE04EC0-301F-11D3-BF4B-00C04F79EFBC}") = "manita_dotnet_assignment", "manita_dotnet_assignment.csproj", "{CB1E6CC6-D044-4E1A-8E8D-4133267E5946}"
EndProject
Project("{2150E333-8FDC-42A3-9474-1A3956D46DE8}") = "Solution Items", "Solution Items", "{124DA92B-ADB4-4EE7-9092-C9EF5AD04BBC}"
	ProjectSection(SolutionItems) = preProject
		OrdersView.cshtml = OrdersView.cshtml
	EndProjectSection
EndProject
Project("{2150E333-8FDC-42A3-9474-1A3956D46DE8}") = "Services", "Services", "{EDB16802-30CF-472C-A28A-8BC939865131}"
	ProjectSection(SolutionItems) = preProject
		AuthService.cs = AuthService.cs
		OrderService.cs = OrderService.cs
	EndProjectSection
EndProject
Global
	GlobalSection(SolutionConfigurationPlatforms) = preSolution
		Debug|Any CPU = Debug|Any CPU
		Release|Any CPU = Release|Any CPU
	EndGlobalSection
	GlobalSection(ProjectConfigurationPlatforms) = postSolution
		{CB1E6CC6-D044-4E1A-8E8D-4133267E5946}.Debug|Any CPU.ActiveCfg = Debug|Any CPU
		{CB1E6CC6-D044-4E1A-8E8D-4133267E5946}.Debug|Any CPU.Build.0 = Debug|Any CPU
		{CB1E6CC6-D044-4E1A-8E8D-4133267E5946}.Release|Any CPU.ActiveCfg = Release|Any CPU
		{CB1E6CC6-D044-4E1A-8E8D-4133267E5946}.Release|Any CPU.Build.0 = Release|Any CPU
	EndGlobalSection
	GlobalSection(SolutionProperties) = preSolution
		HideSolutionNode = FALSE
	EndGlobalSection
EndGlobal
